Microsoft Visual Studio Solution File, Format Version 12.00
# Visual Studio 15
VisualStudioVersion = 15.0.26730.10
MinimumVisualStudioVersion = 15.0.26124.0
Project("{2150E333-8FDC-42A3-9474-1A3956D46DE8}") = "Library", "Library", "{1FF62E15-1522-4F3C-9CF5-F9679DFA3985}"
EndProject
Project("{9A19103F-16F7-4668-BE54-9A1E7A4F7556}") = "Microsoft.Bot.Builder", "Library\Microsoft.Bot.Builder.NetStandard\Microsoft.Bot.Builder.csproj", "{85B41747-2E56-4F2C-9CEB-35C55D3B0FE2}"
EndProject
Project("{9A19103F-16F7-4668-BE54-9A1E7A4F7556}") = "Microsoft.Bot.Connector", "Library\Microsoft.Bot.Connector.NetStandard\Microsoft.Bot.Connector.csproj", "{6F3ABE40-3812-4FF7-B654-C716C9182D8D}"
EndProject
Project("{D954291E-2A0B-460D-934E-DC6B0785DB48}") = "Microsoft.Bot.Connector.Shared", "Library\Microsoft.Bot.Connector.Shared\Microsoft.Bot.Connector.Shared.shproj", "{133E6973-CF90-4691-8685-D42D79C8884B}"
EndProject
Project("{9A19103F-16F7-4668-BE54-9A1E7A4F7556}") = "Microsoft.Bot.Builder.Autofac", "Library\Microsoft.Bot.Builder.Autofac.NetStandard\Microsoft.Bot.Builder.Autofac.csproj", "{4D107C4C-0F44-4CC0-AFDA-F6D1ADB6E647}"
EndProject
Global
	GlobalSection(SharedMSBuildProjectFiles) = preSolution
		Library\Microsoft.Bot.Connector.Shared\Microsoft.Bot.Connector.Shared.projitems*{133e6973-cf90-4691-8685-d42d79c8884b}*SharedItemsImports = 13
	EndGlobalSection
	GlobalSection(SolutionConfigurationPlatforms) = preSolution
		Debug|Any CPU = Debug|Any CPU
		Debug|x64 = Debug|x64
		Debug|x86 = Debug|x86
		Release|Any CPU = Release|Any CPU
		Release|x64 = Release|x64
		Release|x86 = Release|x86
	EndGlobalSection
	GlobalSection(ProjectConfigurationPlatforms) = postSolution
		{85B41747-2E56-4F2C-9CEB-35C55D3B0FE2}.Debug|Any CPU.ActiveCfg = Debug|Any CPU
		{85B41747-2E56-4F2C-9CEB-35C55D3B0FE2}.Debug|Any CPU.Build.0 = Debug|Any CPU
		{85B41747-2E56-4F2C-9CEB-35C55D3B0FE2}.Debug|x64.ActiveCfg = Debug|Any CPU
		{85B41747-2E56-4F2C-9CEB-35C55D3B0FE2}.Debug|x64.Build.0 = Debug|Any CPU
		{85B41747-2E56-4F2C-9CEB-35C55D3B0FE2}.Debug|x86.ActiveCfg = Debug|Any CPU
		{85B41747-2E56-4F2C-9CEB-35C55D3B0FE2}.Debug|x86.Build.0 = Debug|Any CPU
		{85B41747-2E56-4F2C-9CEB-35C55D3B0FE2}.Release|Any CPU.ActiveCfg = Release|Any CPU
		{85B41747-2E56-4F2C-9CEB-35C55D3B0FE2}.Release|Any CPU.Build.0 = Release|Any CPU
		{85B41747-2E56-4F2C-9CEB-35C55D3B0FE2}.Release|x64.ActiveCfg = Release|Any CPU
		{85B41747-2E56-4F2C-9CEB-35C55D3B0FE2}.Release|x64.Build.0 = Release|Any CPU
		{85B41747-2E56-4F2C-9CEB-35C55D3B0FE2}.Release|x86.ActiveCfg = Release|Any CPU
		{85B41747-2E56-4F2C-9CEB-35C55D3B0FE2}.Release|x86.Build.0 = Release|Any CPU
		{6F3ABE40-3812-4FF7-B654-C716C9182D8D}.Debug|Any CPU.ActiveCfg = Debug|Any CPU
		{6F3ABE40-3812-4FF7-B654-C716C9182D8D}.Debug|Any CPU.Build.0 = Debug|Any CPU
		{6F3ABE40-3812-4FF7-B654-C716C9182D8D}.Debug|x64.ActiveCfg = Debug|Any CPU
		{6F3ABE40-3812-4FF7-B654-C716C9182D8D}.Debug|x64.Build.0 = Debug|Any CPU
		{6F3ABE40-3812-4FF7-B654-C716C9182D8D}.Debug|x86.ActiveCfg = Debug|Any CPU
		{6F3ABE40-3812-4FF7-B654-C716C9182D8D}.Debug|x86.Build.0 = Debug|Any CPU
		{6F3ABE40-3812-4FF7-B654-C716C9182D8D}.Release|Any CPU.ActiveCfg = Release|Any CPU
		{6F3ABE40-3812-4FF7-B654-C716C9182D8D}.Release|Any CPU.Build.0 = Release|Any CPU
		{6F3ABE40-3812-4FF7-B654-C716C9182D8D}.Release|x64.ActiveCfg = Release|Any CPU
		{6F3ABE40-3812-4FF7-B654-C716C9182D8D}.Release|x64.Build.0 = Release|Any CPU
		{6F3ABE40-3812-4FF7-B654-C716C9182D8D}.Release|x86.ActiveCfg = Release|Any CPU
		{6F3ABE40-3812-4FF7-B654-C716C9182D8D}.Release|x86.Build.0 = Release|Any CPU
		{4D107C4C-0F44-4CC0-AFDA-F6D1ADB6E647}.Debug|Any CPU.ActiveCfg = Debug|Any CPU
		{4D107C4C-0F44-4CC0-AFDA-F6D1ADB6E647}.Debug|Any CPU.Build.0 = Debug|Any CPU
		{4D107C4C-0F44-4CC0-AFDA-F6D1ADB6E647}.Debug|x64.ActiveCfg = Debug|Any CPU
		{4D107C4C-0F44-4CC0-AFDA-F6D1ADB6E647}.Debug|x64.Build.0 = Debug|Any CPU
		{4D107C4C-0F44-4CC0-AFDA-F6D1ADB6E647}.Debug|x86.ActiveCfg = Debug|Any CPU
		{4D107C4C-0F44-4CC0-AFDA-F6D1ADB6E647}.Debug|x86.Build.0 = Debug|Any CPU
		{4D107C4C-0F44-4CC0-AFDA-F6D1ADB6E647}.Release|Any CPU.ActiveCfg = Release|Any CPU
		{4D107C4C-0F44-4CC0-AFDA-F6D1ADB6E647}.Release|Any CPU.Build.0 = Release|Any CPU
		{4D107C4C-0F44-4CC0-AFDA-F6D1ADB6E647}.Release|x64.ActiveCfg = Release|Any CPU
		{4D107C4C-0F44-4CC0-AFDA-F6D1ADB6E647}.Release|x64.Build.0 = Release|Any CPU
		{4D107C4C-0F44-4CC0-AFDA-F6D1ADB6E647}.Release|x86.ActiveCfg = Release|Any CPU
		{4D107C4C-0F44-4CC0-AFDA-F6D1ADB6E647}.Release|x86.Build.0 = Release|Any CPU
	EndGlobalSection
	GlobalSection(SolutionProperties) = preSolution
		HideSolutionNode = FALSE
	EndGlobalSection
	GlobalSection(NestedProjects) = preSolution
		{85B41747-2E56-4F2C-9CEB-35C55D3B0FE2} = {1FF62E15-1522-4F3C-9CF5-F9679DFA3985}
		{6F3ABE40-3812-4FF7-B654-C716C9182D8D} = {1FF62E15-1522-4F3C-9CF5-F9679DFA3985}
		{133E6973-CF90-4691-8685-D42D79C8884B} = {1FF62E15-1522-4F3C-9CF5-F9679DFA3985}
		{4D107C4C-0F44-4CC0-AFDA-F6D1ADB6E647} = {1FF62E15-1522-4F3C-9CF5-F9679DFA3985}
	EndGlobalSection
	GlobalSection(ExtensibilityGlobals) = postSolution
		SolutionGuid = {9375FF4F-6DA5-4674-920C-BF41F738586A}
	EndGlobalSection
EndGlobal
