Microsoft Visual Studio Solution File, Format Version 12.00
# Visual Studio 15
VisualStudioVersion = 15.0.26730.10
MinimumVisualStudioVersion = 15.0.26124.0
Project("{2150E333-8FDC-42A3-9474-1A3956D46DE8}") = "Library", "Library", "{1FF62E15-1522-4F3C-9CF5-F9679DFA3985}"
EndProject
Project("{D954291E-2A0B-460D-934E-DC6B0785DB48}") = "Microsoft.Bot.Connector.Shared", "Library\Microsoft.Bot.Connector.Shared\Microsoft.Bot.Connector.Shared.shproj", "{133E6973-CF90-4691-8685-D42D79C8884B}"
EndProject
Project("{2150E333-8FDC-42A3-9474-1A3956D46DE8}") = "Samples.NetCore", "Samples.NetCore", "{16058B02-69C0-450A-A0A8-68C7A689092C}"
EndProject
Project("{FAE04EC0-301F-11D3-BF4B-00C04F79EFBC}") = "ConnectorSample", "Samples.NetCore\ConnectorSample\ConnectorSample.csproj", "{E7395AA5-6902-4BD8-BBA7-E4CFBCAC6216}"
EndProject
Project("{FAE04EC0-301F-11D3-BF4B-00C04F79EFBC}") = "Microsoft.Bot.Connector.NetCore", "Library\Microsoft.Bot.Connector.NetCore\Microsoft.Bot.Connector.NetCore.csproj", "{9A83547A-D211-4319-A5FE-ECE951817714}"
EndProject
Project("{FAE04EC0-301F-11D3-BF4B-00C04F79EFBC}") = "SimpleDialogSample", "Samples.NetCore\SimpleDialogSample\SimpleDialogSample.csproj", "{C7A2F15F-59A1-4F83-8CDB-5C90EF34E6EB}"
EndProject
Project("{FAE04EC0-301F-11D3-BF4B-00C04F79EFBC}") = "Microsoft.Bot.Builder", "Library\Microsoft.Bot.Builder\Microsoft.Bot.Builder.csproj", "{0F12262B-C85B-4B50-B199-D09A02AF3C68}"
EndProject
Project("{FAE04EC0-301F-11D3-BF4B-00C04F79EFBC}") = "Microsoft.Bot.Builder.Autofac", "Library\Microsoft.Bot.Builder.Autofac\Microsoft.Bot.Builder.Autofac.csproj", "{3EFC6B73-ED84-49E5-9E87-6C5CFEB16076}"
EndProject
Global
	GlobalSection(SharedMSBuildProjectFiles) = preSolution
		Library\Microsoft.Bot.Connector.Shared\Microsoft.Bot.Connector.Shared.projitems*{133e6973-cf90-4691-8685-d42d79c8884b}*SharedItemsImports = 13
	EndGlobalSection
	GlobalSection(SolutionConfigurationPlatforms) = preSolution
		Debug|Any CPU = Debug|Any CPU
		Debug|x64 = Debug|x64
		Debug|x86 = Debug|x86
		Release|Any CPU = Release|Any CPU
		Release|x64 = Release|x64
		Release|x86 = Release|x86
	EndGlobalSection
	GlobalSection(ProjectConfigurationPlatforms) = postSolution
		{E7395AA5-6902-4BD8-BBA7-E4CFBCAC6216}.Debug|Any CPU.ActiveCfg = Debug|Any CPU
		{E7395AA5-6902-4BD8-BBA7-E4CFBCAC6216}.Debug|Any CPU.Build.0 = Debug|Any CPU
		{E7395AA5-6902-4BD8-BBA7-E4CFBCAC6216}.Debug|x64.ActiveCfg = Debug|x64
		{E7395AA5-6902-4BD8-BBA7-E4CFBCAC6216}.Debug|x64.Build.0 = Debug|x64
		{E7395AA5-6902-4BD8-BBA7-E4CFBCAC6216}.Debug|x86.ActiveCfg = Debug|x86
		{E7395AA5-6902-4BD8-BBA7-E4CFBCAC6216}.Debug|x86.Build.0 = Debug|x86
		{E7395AA5-6902-4BD8-BBA7-E4CFBCAC6216}.Release|Any CPU.ActiveCfg = Release|Any CPU
		{E7395AA5-6902-4BD8-BBA7-E4CFBCAC6216}.Release|Any CPU.Build.0 = Release|Any CPU
		{E7395AA5-6902-4BD8-BBA7-E4CFBCAC6216}.Release|x64.ActiveCfg = Release|x64
		{E7395AA5-6902-4BD8-BBA7-E4CFBCAC6216}.Release|x64.Build.0 = Release|x64
		{E7395AA5-6902-4BD8-BBA7-E4CFBCAC6216}.Release|x86.ActiveCfg = Release|x86
		{E7395AA5-6902-4BD8-BBA7-E4CFBCAC6216}.Release|x86.Build.0 = Release|x86
		{9A83547A-D211-4319-A5FE-ECE951817714}.Debug|Any CPU.ActiveCfg = Debug|Any CPU
		{9A83547A-D211-4319-A5FE-ECE951817714}.Debug|Any CPU.Build.0 = Debug|Any CPU
		{9A83547A-D211-4319-A5FE-ECE951817714}.Debug|x64.ActiveCfg = Debug|Any CPU
		{9A83547A-D211-4319-A5FE-ECE951817714}.Debug|x64.Build.0 = Debug|Any CPU
		{9A83547A-D211-4319-A5FE-ECE951817714}.Debug|x86.ActiveCfg = Debug|Any CPU
		{9A83547A-D211-4319-A5FE-ECE951817714}.Debug|x86.Build.0 = Debug|Any CPU
		{9A83547A-D211-4319-A5FE-ECE951817714}.Release|Any CPU.ActiveCfg = Release|Any CPU
		{9A83547A-D211-4319-A5FE-ECE951817714}.Release|Any CPU.Build.0 = Release|Any CPU
		{9A83547A-D211-4319-A5FE-ECE951817714}.Release|x64.ActiveCfg = Release|Any CPU
		{9A83547A-D211-4319-A5FE-ECE951817714}.Release|x64.Build.0 = Release|Any CPU
		{9A83547A-D211-4319-A5FE-ECE951817714}.Release|x86.ActiveCfg = Release|Any CPU
		{9A83547A-D211-4319-A5FE-ECE951817714}.Release|x86.Build.0 = Release|Any CPU
		{C7A2F15F-59A1-4F83-8CDB-5C90EF34E6EB}.Debug|Any CPU.ActiveCfg = Debug|Any CPU
		{C7A2F15F-59A1-4F83-8CDB-5C90EF34E6EB}.Debug|Any CPU.Build.0 = Debug|Any CPU
		{C7A2F15F-59A1-4F83-8CDB-5C90EF34E6EB}.Debug|x64.ActiveCfg = Debug|x64
		{C7A2F15F-59A1-4F83-8CDB-5C90EF34E6EB}.Debug|x64.Build.0 = Debug|x64
		{C7A2F15F-59A1-4F83-8CDB-5C90EF34E6EB}.Debug|x86.ActiveCfg = Debug|x86
		{C7A2F15F-59A1-4F83-8CDB-5C90EF34E6EB}.Debug|x86.Build.0 = Debug|x86
		{C7A2F15F-59A1-4F83-8CDB-5C90EF34E6EB}.Release|Any CPU.ActiveCfg = Release|Any CPU
		{C7A2F15F-59A1-4F83-8CDB-5C90EF34E6EB}.Release|Any CPU.Build.0 = Release|Any CPU
		{C7A2F15F-59A1-4F83-8CDB-5C90EF34E6EB}.Release|x64.ActiveCfg = Release|x64
		{C7A2F15F-59A1-4F83-8CDB-5C90EF34E6EB}.Release|x64.Build.0 = Release|x64
		{C7A2F15F-59A1-4F83-8CDB-5C90EF34E6EB}.Release|x86.ActiveCfg = Release|x86
		{C7A2F15F-59A1-4F83-8CDB-5C90EF34E6EB}.Release|x86.Build.0 = Release|x86
		{0F12262B-C85B-4B50-B199-D09A02AF3C68}.Debug|Any CPU.ActiveCfg = Debug|Any CPU
		{0F12262B-C85B-4B50-B199-D09A02AF3C68}.Debug|Any CPU.Build.0 = Debug|Any CPU
		{0F12262B-C85B-4B50-B199-D09A02AF3C68}.Debug|x64.ActiveCfg = Debug|Any CPU
		{0F12262B-C85B-4B50-B199-D09A02AF3C68}.Debug|x64.Build.0 = Debug|Any CPU
		{0F12262B-C85B-4B50-B199-D09A02AF3C68}.Debug|x86.ActiveCfg = Debug|Any CPU
		{0F12262B-C85B-4B50-B199-D09A02AF3C68}.Debug|x86.Build.0 = Debug|Any CPU
		{0F12262B-C85B-4B50-B199-D09A02AF3C68}.Release|Any CPU.ActiveCfg = Release|Any CPU
		{0F12262B-C85B-4B50-B199-D09A02AF3C68}.Release|Any CPU.Build.0 = Release|Any CPU
		{0F12262B-C85B-4B50-B199-D09A02AF3C68}.Release|x64.ActiveCfg = Release|Any CPU
		{0F12262B-C85B-4B50-B199-D09A02AF3C68}.Release|x64.Build.0 = Release|Any CPU
		{0F12262B-C85B-4B50-B199-D09A02AF3C68}.Release|x86.ActiveCfg = Release|Any CPU
		{0F12262B-C85B-4B50-B199-D09A02AF3C68}.Release|x86.Build.0 = Release|Any CPU
		{3EFC6B73-ED84-49E5-9E87-6C5CFEB16076}.Debug|Any CPU.ActiveCfg = Debug|Any CPU
		{3EFC6B73-ED84-49E5-9E87-6C5CFEB16076}.Debug|Any CPU.Build.0 = Debug|Any CPU
		{3EFC6B73-ED84-49E5-9E87-6C5CFEB16076}.Debug|x64.ActiveCfg = Debug|Any CPU
		{3EFC6B73-ED84-49E5-9E87-6C5CFEB16076}.Debug|x64.Build.0 = Debug|Any CPU
		{3EFC6B73-ED84-49E5-9E87-6C5CFEB16076}.Debug|x86.ActiveCfg = Debug|Any CPU
		{3EFC6B73-ED84-49E5-9E87-6C5CFEB16076}.Debug|x86.Build.0 = Debug|Any CPU
		{3EFC6B73-ED84-49E5-9E87-6C5CFEB16076}.Release|Any CPU.ActiveCfg = Release|Any CPU
		{3EFC6B73-ED84-49E5-9E87-6C5CFEB16076}.Release|Any CPU.Build.0 = Release|Any CPU
		{3EFC6B73-ED84-49E5-9E87-6C5CFEB16076}.Release|x64.ActiveCfg = Release|Any CPU
		{3EFC6B73-ED84-49E5-9E87-6C5CFEB16076}.Release|x64.Build.0 = Release|Any CPU
		{3EFC6B73-ED84-49E5-9E87-6C5CFEB16076}.Release|x86.ActiveCfg = Release|Any CPU
		{3EFC6B73-ED84-49E5-9E87-6C5CFEB16076}.Release|x86.Build.0 = Release|Any CPU
	EndGlobalSection
	GlobalSection(SolutionProperties) = preSolution
		HideSolutionNode = FALSE
	EndGlobalSection
	GlobalSection(NestedProjects) = preSolution
		{133E6973-CF90-4691-8685-D42D79C8884B} = {1FF62E15-1522-4F3C-9CF5-F9679DFA3985}
		{E7395AA5-6902-4BD8-BBA7-E4CFBCAC6216} = {16058B02-69C0-450A-A0A8-68C7A689092C}
		{9A83547A-D211-4319-A5FE-ECE951817714} = {1FF62E15-1522-4F3C-9CF5-F9679DFA3985}
		{C7A2F15F-59A1-4F83-8CDB-5C90EF34E6EB} = {16058B02-69C0-450A-A0A8-68C7A689092C}
		{0F12262B-C85B-4B50-B199-D09A02AF3C68} = {1FF62E15-1522-4F3C-9CF5-F9679DFA3985}
		{3EFC6B73-ED84-49E5-9E87-6C5CFEB16076} = {1FF62E15-1522-4F3C-9CF5-F9679DFA3985}
	EndGlobalSection
	GlobalSection(ExtensibilityGlobals) = postSolution
		SolutionGuid = {9375FF4F-6DA5-4674-920C-BF41F738586A}
	EndGlobalSection
EndGlobal
